
Microsoft Visual Studio Solution File, Format Version 12.00
# Visual Studio Version 17
VisualStudioVersion = 17.9.34616.47
MinimumVisualStudioVersion = 10.0.40219.1
Project("{9A19103F-16F7-4668-BE54-9A1E7A4F7556}") = "PackageDownloader.API", "PackageDownloader.API\PackageDownloader.API.csproj", "{1B669860-BA39-4C87-B542-BD0DBE98E2DC}"
EndProject
Project("{9A19103F-16F7-4668-BE54-9A1E7A4F7556}") = "PackageDownloader.Core", "PackageDownloader.Core\PackageDownloader.Core.csproj", "{C1616DF4-48E9-4B7C-9D53-49E7608C61EE}"
EndProject
Project("{9A19103F-16F7-4668-BE54-9A1E7A4F7556}") = "PackageDownloader.Infrastructure", "PackageDownloader.Infrastructure\PackageDownloader.Infrastructure.csproj", "{BD17F7D1-070B-4952-B9EA-60A1CBEEEBD2}"
EndProject
Project("{9A19103F-16F7-4668-BE54-9A1E7A4F7556}") = "PackageDownloader.Application", "PackageDownloader.Application\PackageDownloader.Application.csproj", "{420CAD60-D1CC-4C17-A2AC-A21C35B33CAE}"
EndProject
Project("{FAE04EC0-301F-11D3-BF4B-00C04F79EFBC}") = "PackageDownloader.AI", "PackageDownloader.AI\PackageDownloader.AI.csproj", "{10582258-259C-4414-912B-DD54669B461F}"
EndProject
Project("{FAE04EC0-301F-11D3-BF4B-00C04F79EFBC}") = "PackageDownloader.Persistence", "PackageDownloader.Persistence\PackageDownloader.Persistence.csproj", "{B5FEE95E-EF89-4403-BF26-260CC8476AE4}"
EndProject
Global
	GlobalSection(SolutionConfigurationPlatforms) = preSolution
		Debug|Any CPU = Debug|Any CPU
		Release|Any CPU = Release|Any CPU
	EndGlobalSection
	GlobalSection(ProjectConfigurationPlatforms) = postSolution
		{1B669860-BA39-4C87-B542-BD0DBE98E2DC}.Debug|Any CPU.ActiveCfg = Debug|Any CPU
		{1B669860-BA39-4C87-B542-BD0DBE98E2DC}.Debug|Any CPU.Build.0 = Debug|Any CPU
		{1B669860-BA39-4C87-B542-BD0DBE98E2DC}.Release|Any CPU.ActiveCfg = Release|Any CPU
		{1B669860-BA39-4C87-B542-BD0DBE98E2DC}.Release|Any CPU.Build.0 = Release|Any CPU
		{C1616DF4-48E9-4B7C-9D53-49E7608C61EE}.Debug|Any CPU.ActiveCfg = Debug|Any CPU
		{C1616DF4-48E9-4B7C-9D53-49E7608C61EE}.Debug|Any CPU.Build.0 = Debug|Any CPU
		{C1616DF4-48E9-4B7C-9D53-49E7608C61EE}.Release|Any CPU.ActiveCfg = Release|Any CPU
		{C1616DF4-48E9-4B7C-9D53-49E7608C61EE}.Release|Any CPU.Build.0 = Release|Any CPU
		{BD17F7D1-070B-4952-B9EA-60A1CBEEEBD2}.Debug|Any CPU.ActiveCfg = Debug|Any CPU
		{BD17F7D1-070B-4952-B9EA-60A1CBEEEBD2}.Debug|Any CPU.Build.0 = Debug|Any CPU
		{BD17F7D1-070B-4952-B9EA-60A1CBEEEBD2}.Release|Any CPU.ActiveCfg = Release|Any CPU
		{BD17F7D1-070B-4952-B9EA-60A1CBEEEBD2}.Release|Any CPU.Build.0 = Release|Any CPU
		{420CAD60-D1CC-4C17-A2AC-A21C35B33CAE}.Debug|Any CPU.ActiveCfg = Debug|Any CPU
		{420CAD60-D1CC-4C17-A2AC-A21C35B33CAE}.Debug|Any CPU.Build.0 = Debug|Any CPU
		{420CAD60-D1CC-4C17-A2AC-A21C35B33CAE}.Release|Any CPU.ActiveCfg = Release|Any CPU
		{420CAD60-D1CC-4C17-A2AC-A21C35B33CAE}.Release|Any CPU.Build.0 = Release|Any CPU
		{10582258-259C-4414-912B-DD54669B461F}.Debug|Any CPU.ActiveCfg = Debug|Any CPU
		{10582258-259C-4414-912B-DD54669B461F}.Debug|Any CPU.Build.0 = Debug|Any CPU
		{10582258-259C-4414-912B-DD54669B461F}.Release|Any CPU.ActiveCfg = Release|Any CPU
		{10582258-259C-4414-912B-DD54669B461F}.Release|Any CPU.Build.0 = Release|Any CPU
		{B5FEE95E-EF89-4403-BF26-260CC8476AE4}.Debug|Any CPU.ActiveCfg = Debug|Any CPU
		{B5FEE95E-EF89-4403-BF26-260CC8476AE4}.Debug|Any CPU.Build.0 = Debug|Any CPU
		{B5FEE95E-EF89-4403-BF26-260CC8476AE4}.Release|Any CPU.ActiveCfg = Release|Any CPU
		{B5FEE95E-EF89-4403-BF26-260CC8476AE4}.Release|Any CPU.Build.0 = Release|Any CPU
	EndGlobalSection
	GlobalSection(SolutionProperties) = preSolution
		HideSolutionNode = FALSE
	EndGlobalSection
	GlobalSection(ExtensibilityGlobals) = postSolution
		SolutionGuid = {4D79485E-55DF-4A7E-AC0C-72B82015F133}
	EndGlobalSection
EndGlobal
